
Microsoft Visual Studio Solution File, Format Version 12.00
# Visual Studio Version 16
VisualStudioVersion = 16.0.29102.190
MinimumVisualStudioVersion = 10.0.40219.1
Project("{FAE04EC0-301F-11D3-BF4B-00C04F79EFBC}") = "TetraProjectEditor", "TetraProjectEditor\TetraProjectEditor.csproj", "{69F6D9D2-EFCA-49D7-886E-52850BA63ADD}"
EndProject
Global
	GlobalSection(SolutionConfigurationPlatforms) = preSolution
		Debug|Any CPU = Debug|Any CPU
		Release|Any CPU = Release|Any CPU
	EndGlobalSection
	GlobalSection(ProjectConfigurationPlatforms) = postSolution
		{69F6D9D2-EFCA-49D7-886E-52850BA63ADD}.Debug|Any CPU.ActiveCfg = Debug|Any CPU
		{69F6D9D2-EFCA-49D7-886E-52850BA63ADD}.Debug|Any CPU.Build.0 = Debug|Any CPU
		{69F6D9D2-EFCA-49D7-886E-52850BA63ADD}.Release|Any CPU.ActiveCfg = Release|Any CPU
		{69F6D9D2-EFCA-49D7-886E-52850BA63ADD}.Release|Any CPU.Build.0 = Release|Any CPU
	EndGlobalSection
	GlobalSection(SolutionProperties) = preSolution
		HideSolutionNode = FALSE
	EndGlobalSection
	GlobalSection(ExtensibilityGlobals) = postSolution
		SolutionGuid = {316523A2-0F15-47FB-865B-72A166514C7E}
	EndGlobalSection
EndGlobal
